
Microsoft Visual Studio Solution File, Format Version 12.00
# Visual Studio 14
VisualStudioVersion = 14.0.24720.0
MinimumVisualStudioVersion = 10.0.40219.1
Project("{FAE04EC0-301F-11D3-BF4B-00C04F79EFBC}") = "Stealth.Core", "Stealth.Core\Stealth.Core.csproj", "{4590F087-E4CC-494A-896F-86BEF21E12D9}"
EndProject
Project("{FAE04EC0-301F-11D3-BF4B-00C04F79EFBC}") = "Stealth.Console", "Stealth.Console\Stealth.Console.csproj", "{61FAD4CA-DF37-41F1-BF27-A1EEA936FE02}"
EndProject
Project("{2150E333-8FDC-42A3-9474-1A3956D46DE8}") = ".nuget", ".nuget", "{5A7E4C7F-334D-4E27-B48F-C55958C7F10D}"
	ProjectSection(SolutionItems) = preProject
		.nuget\packages.config = .nuget\packages.config
	EndProjectSection
EndProject
Project("{FAE04EC0-301F-11D3-BF4B-00C04F79EFBC}") = "Stealth.Winform", "Stealth.Winform\Stealth.Winform.csproj", "{B10D26B1-931E-4F04-9477-3199347E59FE}"
EndProject
Global
	GlobalSection(SolutionConfigurationPlatforms) = preSolution
		Debug|Any CPU = Debug|Any CPU
		Release|Any CPU = Release|Any CPU
	EndGlobalSection
	GlobalSection(ProjectConfigurationPlatforms) = postSolution
		{4590F087-E4CC-494A-896F-86BEF21E12D9}.Debug|Any CPU.ActiveCfg = Debug|Any CPU
		{4590F087-E4CC-494A-896F-86BEF21E12D9}.Debug|Any CPU.Build.0 = Debug|Any CPU
		{4590F087-E4CC-494A-896F-86BEF21E12D9}.Release|Any CPU.ActiveCfg = Release|Any CPU
		{4590F087-E4CC-494A-896F-86BEF21E12D9}.Release|Any CPU.Build.0 = Release|Any CPU
		{61FAD4CA-DF37-41F1-BF27-A1EEA936FE02}.Debug|Any CPU.ActiveCfg = Debug|Any CPU
		{61FAD4CA-DF37-41F1-BF27-A1EEA936FE02}.Debug|Any CPU.Build.0 = Debug|Any CPU
		{61FAD4CA-DF37-41F1-BF27-A1EEA936FE02}.Release|Any CPU.ActiveCfg = Release|Any CPU
		{61FAD4CA-DF37-41F1-BF27-A1EEA936FE02}.Release|Any CPU.Build.0 = Release|Any CPU
		{B10D26B1-931E-4F04-9477-3199347E59FE}.Debug|Any CPU.ActiveCfg = Debug|Any CPU
		{B10D26B1-931E-4F04-9477-3199347E59FE}.Debug|Any CPU.Build.0 = Debug|Any CPU
		{B10D26B1-931E-4F04-9477-3199347E59FE}.Release|Any CPU.ActiveCfg = Release|Any CPU
		{B10D26B1-931E-4F04-9477-3199347E59FE}.Release|Any CPU.Build.0 = Release|Any CPU
	EndGlobalSection
	GlobalSection(SolutionProperties) = preSolution
		HideSolutionNode = FALSE
	EndGlobalSection
EndGlobal
